{
  "originHash" : "86001b476ec4592d77ec5f5f9c5dc8cfe8a5984246c55f122fed0df34e4247d7",
  "pins" : [
    {
      "identity" : "swift-argument-parser",
      "kind" : "remoteSourceControl",
      "location" : "https://github.com/apple/swift-argument-parser",
      "state" : {
        "revision" : "5e0406d68a4937f21ae5f670b8f89dad1d156a1c",
        "version" : "1.8.0"
      }
    }
  ],
  "version" : 3
}
